
Microsoft Visual Studio Solution File, Format Version 12.00
# Visual Studio Version 17
VisualStudioVersion = 17.0.31912.275
MinimumVisualStudioVersion = 10.0.40219.1
Project("{FAE04EC0-301F-11D3-BF4B-00C04F79EFBC}") = "ArduinoComm", "ArduinoComm\ArduinoComm.csproj", "{2FEDD9EC-2EEC-4951-B3BB-51164FF15C1D}"
EndProject
Global
	GlobalSection(SolutionConfigurationPlatforms) = preSolution
		Debug|Any CPU = Debug|Any CPU
		Release|Any CPU = Release|Any CPU
	EndGlobalSection
	GlobalSection(ProjectConfigurationPlatforms) = postSolution
		{2FEDD9EC-2EEC-4951-B3BB-51164FF15C1D}.Debug|Any CPU.ActiveCfg = Debug|Any CPU
		{2FEDD9EC-2EEC-4951-B3BB-51164FF15C1D}.Debug|Any CPU.Build.0 = Debug|Any CPU
		{2FEDD9EC-2EEC-4951-B3BB-51164FF15C1D}.Release|Any CPU.ActiveCfg = Release|Any CPU
		{2FEDD9EC-2EEC-4951-B3BB-51164FF15C1D}.Release|Any CPU.Build.0 = Release|Any CPU
	EndGlobalSection
	GlobalSection(SolutionProperties) = preSolution
		HideSolutionNode = FALSE
	EndGlobalSection
	GlobalSection(ExtensibilityGlobals) = postSolution
		SolutionGuid = {D5D071DE-F3F7-417A-98EB-85F9F576BC9F}
	EndGlobalSection
EndGlobal
